
Microsoft Visual Studio Solution File, Format Version 12.00
# Visual Studio Version 17
VisualStudioVersion = 17.6.33815.320
MinimumVisualStudioVersion = 10.0.40219.1
Project("{9A19103F-16F7-4668-BE54-9A1E7A4F7556}") = "RailRoadApp", "RailRoadApp\RailRoadApp.csproj", "{5001E464-F24C-4DFC-93DC-BE826007624E}"
EndProject
Project("{9A19103F-16F7-4668-BE54-9A1E7A4F7556}") = "RailRoadApp.Core", "RailRoadApp.Core\RailRoadApp.Core.csproj", "{FBDE7F2D-A051-4F43-BFAC-66264AF00441}"
EndProject
Project("{2150E333-8FDC-42A3-9474-1A3956D46DE8}") = "Solution Items", "Solution Items", "{819F616C-4122-4230-B16C-D35F126128F3}"
	ProjectSection(SolutionItems) = preProject
		.editorconfig = .editorconfig
	EndProjectSection
EndProject
Global
	GlobalSection(SolutionConfigurationPlatforms) = preSolution
		Debug|Any CPU = Debug|Any CPU
		Release|Any CPU = Release|Any CPU
	EndGlobalSection
	GlobalSection(ProjectConfigurationPlatforms) = postSolution
		{5001E464-F24C-4DFC-93DC-BE826007624E}.Debug|Any CPU.ActiveCfg = Debug|Any CPU
		{5001E464-F24C-4DFC-93DC-BE826007624E}.Debug|Any CPU.Build.0 = Debug|Any CPU
		{5001E464-F24C-4DFC-93DC-BE826007624E}.Release|Any CPU.ActiveCfg = Release|Any CPU
		{5001E464-F24C-4DFC-93DC-BE826007624E}.Release|Any CPU.Build.0 = Release|Any CPU
		{FBDE7F2D-A051-4F43-BFAC-66264AF00441}.Debug|Any CPU.ActiveCfg = Debug|Any CPU
		{FBDE7F2D-A051-4F43-BFAC-66264AF00441}.Debug|Any CPU.Build.0 = Debug|Any CPU
		{FBDE7F2D-A051-4F43-BFAC-66264AF00441}.Release|Any CPU.ActiveCfg = Release|Any CPU
		{FBDE7F2D-A051-4F43-BFAC-66264AF00441}.Release|Any CPU.Build.0 = Release|Any CPU
	EndGlobalSection
	GlobalSection(SolutionProperties) = preSolution
		HideSolutionNode = FALSE
	EndGlobalSection
	GlobalSection(ExtensibilityGlobals) = postSolution
		SolutionGuid = {CA17691C-8E13-4200-B33E-2734A2C77DCB}
	EndGlobalSection
EndGlobal
